
Microsoft Visual Studio Solution File, Format Version 12.00
# Visual Studio 14
VisualStudioVersion = 14.0.25420.1
MinimumVisualStudioVersion = 10.0.40219.1
Project("{FAE04EC0-301F-11D3-BF4B-00C04F79EFBC}") = "OCS_Optum_QE_FileDist", "OCS_Optum_QE_FileDist\OCS_Optum_QE_FileDist.csproj", "{18816AC5-3D59-409F-9241-C9A2F8832690}"
EndProject
Global
	GlobalSection(SolutionConfigurationPlatforms) = preSolution
		Debug|Any CPU = Debug|Any CPU
		Release|Any CPU = Release|Any CPU
	EndGlobalSection
	GlobalSection(ProjectConfigurationPlatforms) = postSolution
		{18816AC5-3D59-409F-9241-C9A2F8832690}.Debug|Any CPU.ActiveCfg = Debug|Any CPU
		{18816AC5-3D59-409F-9241-C9A2F8832690}.Debug|Any CPU.Build.0 = Debug|Any CPU
		{18816AC5-3D59-409F-9241-C9A2F8832690}.Release|Any CPU.ActiveCfg = Release|Any CPU
		{18816AC5-3D59-409F-9241-C9A2F8832690}.Release|Any CPU.Build.0 = Release|Any CPU
	EndGlobalSection
	GlobalSection(SolutionProperties) = preSolution
		HideSolutionNode = FALSE
	EndGlobalSection
EndGlobal
